{
  "object": {
    "pins": [
      {
        "package": "WordpressReader",
        "repositoryURL": "https://github.com/ryanlintott/WordpressReader.git",
        "state": {
          "branch": "main",
          "revision": "36ca28a12eae65476688c9d26c6b8275eaec91e1",
          "version": null
        }
      }
    ]
  },
  "version": 1
}
